
Microsoft Visual Studio Solution File, Format Version 12.00
# Visual Studio 15
VisualStudioVersion = 15.0.28010.2046
MinimumVisualStudioVersion = 10.0.40219.1
Project("{FAE04EC0-301F-11D3-BF4B-00C04F79EFBC}") = "01. Persons", "01. Persons\01. Persons.csproj", "{9F886DBF-EA0D-47C3-A974-06B4C185CC02}"
EndProject
Project("{FAE04EC0-301F-11D3-BF4B-00C04F79EFBC}") = "02. Salary", "02. Salary\02. Salary.csproj", "{796BC97A-C38A-4E05-972F-EDBA43A4F036}"
EndProject
Project("{FAE04EC0-301F-11D3-BF4B-00C04F79EFBC}") = "03. Validation", "03. Validation\03. Validation.csproj", "{B9674446-2389-46CB-91EF-104B8DC7CE45}"
EndProject
Project("{FAE04EC0-301F-11D3-BF4B-00C04F79EFBC}") = "04. Team", "04. Team\04. Team.csproj", "{5DEC36B7-1D34-47E1-83B1-82DB8441DE2A}"
EndProject
Global
	GlobalSection(SolutionConfigurationPlatforms) = preSolution
		Debug|Any CPU = Debug|Any CPU
		Release|Any CPU = Release|Any CPU
	EndGlobalSection
	GlobalSection(ProjectConfigurationPlatforms) = postSolution
		{9F886DBF-EA0D-47C3-A974-06B4C185CC02}.Debug|Any CPU.ActiveCfg = Debug|Any CPU
		{9F886DBF-EA0D-47C3-A974-06B4C185CC02}.Debug|Any CPU.Build.0 = Debug|Any CPU
		{9F886DBF-EA0D-47C3-A974-06B4C185CC02}.Release|Any CPU.ActiveCfg = Release|Any CPU
		{9F886DBF-EA0D-47C3-A974-06B4C185CC02}.Release|Any CPU.Build.0 = Release|Any CPU
		{796BC97A-C38A-4E05-972F-EDBA43A4F036}.Debug|Any CPU.ActiveCfg = Debug|Any CPU
		{796BC97A-C38A-4E05-972F-EDBA43A4F036}.Debug|Any CPU.Build.0 = Debug|Any CPU
		{796BC97A-C38A-4E05-972F-EDBA43A4F036}.Release|Any CPU.ActiveCfg = Release|Any CPU
		{796BC97A-C38A-4E05-972F-EDBA43A4F036}.Release|Any CPU.Build.0 = Release|Any CPU
		{B9674446-2389-46CB-91EF-104B8DC7CE45}.Debug|Any CPU.ActiveCfg = Debug|Any CPU
		{B9674446-2389-46CB-91EF-104B8DC7CE45}.Debug|Any CPU.Build.0 = Debug|Any CPU
		{B9674446-2389-46CB-91EF-104B8DC7CE45}.Release|Any CPU.ActiveCfg = Release|Any CPU
		{B9674446-2389-46CB-91EF-104B8DC7CE45}.Release|Any CPU.Build.0 = Release|Any CPU
		{5DEC36B7-1D34-47E1-83B1-82DB8441DE2A}.Debug|Any CPU.ActiveCfg = Debug|Any CPU
		{5DEC36B7-1D34-47E1-83B1-82DB8441DE2A}.Debug|Any CPU.Build.0 = Debug|Any CPU
		{5DEC36B7-1D34-47E1-83B1-82DB8441DE2A}.Release|Any CPU.ActiveCfg = Release|Any CPU
		{5DEC36B7-1D34-47E1-83B1-82DB8441DE2A}.Release|Any CPU.Build.0 = Release|Any CPU
	EndGlobalSection
	GlobalSection(SolutionProperties) = preSolution
		HideSolutionNode = FALSE
	EndGlobalSection
	GlobalSection(ExtensibilityGlobals) = postSolution
		SolutionGuid = {5FD038F3-315B-4C06-B5A1-ABD12601CE9F}
	EndGlobalSection
EndGlobal
