
Microsoft Visual Studio Solution File, Format Version 12.00
# Visual Studio 14
VisualStudioVersion = 14.0.25420.1
MinimumVisualStudioVersion = 10.0.40219.1
Project("{FAE04EC0-301F-11D3-BF4B-00C04F79EFBC}") = "01. Wormtest", "01. Wormtest\01. Wormtest.csproj", "{33C9E689-B7A2-4C48-A84C-CDFBAA8F987C}"
EndProject
Project("{FAE04EC0-301F-11D3-BF4B-00C04F79EFBC}") = "02. Worm Ipsum", "02. Worm Ipsum\02. Worm Ipsum.csproj", "{3EA38354-AEEA-4D66-A2B8-8AE0C48BDA33}"
EndProject
Project("{FAE04EC0-301F-11D3-BF4B-00C04F79EFBC}") = "03. Wormhole", "03. Wormhole\03. Wormhole.csproj", "{971A0CDD-88A0-4554-92B5-164B9B553559}"
EndProject
Project("{FAE04EC0-301F-11D3-BF4B-00C04F79EFBC}") = "04. Worms World Party", "04. Worms World Party\04. Worms World Party.csproj", "{011325F1-7672-4278-9098-321C1E89DD88}"
EndProject
Global
	GlobalSection(SolutionConfigurationPlatforms) = preSolution
		Debug|Any CPU = Debug|Any CPU
		Release|Any CPU = Release|Any CPU
	EndGlobalSection
	GlobalSection(ProjectConfigurationPlatforms) = postSolution
		{33C9E689-B7A2-4C48-A84C-CDFBAA8F987C}.Debug|Any CPU.ActiveCfg = Debug|Any CPU
		{33C9E689-B7A2-4C48-A84C-CDFBAA8F987C}.Debug|Any CPU.Build.0 = Debug|Any CPU
		{33C9E689-B7A2-4C48-A84C-CDFBAA8F987C}.Release|Any CPU.ActiveCfg = Release|Any CPU
		{33C9E689-B7A2-4C48-A84C-CDFBAA8F987C}.Release|Any CPU.Build.0 = Release|Any CPU
		{3EA38354-AEEA-4D66-A2B8-8AE0C48BDA33}.Debug|Any CPU.ActiveCfg = Debug|Any CPU
		{3EA38354-AEEA-4D66-A2B8-8AE0C48BDA33}.Debug|Any CPU.Build.0 = Debug|Any CPU
		{3EA38354-AEEA-4D66-A2B8-8AE0C48BDA33}.Release|Any CPU.ActiveCfg = Release|Any CPU
		{3EA38354-AEEA-4D66-A2B8-8AE0C48BDA33}.Release|Any CPU.Build.0 = Release|Any CPU
		{971A0CDD-88A0-4554-92B5-164B9B553559}.Debug|Any CPU.ActiveCfg = Debug|Any CPU
		{971A0CDD-88A0-4554-92B5-164B9B553559}.Debug|Any CPU.Build.0 = Debug|Any CPU
		{971A0CDD-88A0-4554-92B5-164B9B553559}.Release|Any CPU.ActiveCfg = Release|Any CPU
		{971A0CDD-88A0-4554-92B5-164B9B553559}.Release|Any CPU.Build.0 = Release|Any CPU
		{011325F1-7672-4278-9098-321C1E89DD88}.Debug|Any CPU.ActiveCfg = Debug|Any CPU
		{011325F1-7672-4278-9098-321C1E89DD88}.Debug|Any CPU.Build.0 = Debug|Any CPU
		{011325F1-7672-4278-9098-321C1E89DD88}.Release|Any CPU.ActiveCfg = Release|Any CPU
		{011325F1-7672-4278-9098-321C1E89DD88}.Release|Any CPU.Build.0 = Release|Any CPU
	EndGlobalSection
	GlobalSection(SolutionProperties) = preSolution
		HideSolutionNode = FALSE
	EndGlobalSection
EndGlobal
